// !$*UTF8*$!
{
	archiveVersion = 1;
	classes = {
	};
	objectVersion = 46;
	objects = {

/* Begin PBXBuildFile section */
		E410283D1E0E14B300B801DB /* AppDelegate.swift in Sources */ = {isa = PBXBuildFile; fileRef = E410283C1E0E14B300B801DB /* AppDelegate.swift */; };
		E410283F1E0E14B300B801DB /* ViewController.swift in Sources */ = {isa = PBXBuildFile; fileRef = E410283E1E0E14B300B801DB /* ViewController.swift */; };
		E41028421E0E14B300B801DB /* Main.storyboard in Resources */ = {isa = PBXBuildFile; fileRef = E41028401E0E14B300B801DB /* Main.storyboard */; };
		E41028441E0E14B300B801DB /* Assets.xcassets in Resources */ = {isa = PBXBuildFile; fileRef = E41028431E0E14B300B801DB /* Assets.xcassets */; };
		E41028471E0E14B300B801DB /* LaunchScreen.storyboard in Resources */ = {isa = PBXBuildFile; fileRef = E41028451E0E14B300B801DB /* LaunchScreen.storyboard */; };
		E41028521E0E14B300B801DB /* CalculatorTests.swift in Sources */ = {isa = PBXBuildFile; fileRef = E41028511E0E14B300B801DB /* CalculatorTests.swift */; };
		E410285D1E0E14B300B801DB /* CalculatorUITests.swift in Sources */ = {isa = PBXBuildFile; fileRef = E410285C1E0E14B300B801DB /* CalculatorUITests.swift */; };
		E410286B1E0E5C8C00B801DB /* CalculatorBrain.swift in Sources */ = {isa = PBXBuildFile; fileRef = E410286A1E0E5C8C00B801DB /* CalculatorBrain.swift */; };
/* End PBXBuildFile section */

/* Begin PBXContainerItemProxy section */
		E410284E1E0E14B300B801DB /* PBXContainerItemProxy */ = {
			isa = PBXContainerItemProxy;
			containerPortal = E41028311E0E14B300B801DB /* Project object */;
			proxyType = 1;
			remoteGlobalIDString = E41028381E0E14B300B801DB;
			remoteInfo = Calculator;
		};
		E41028591E0E14B300B801DB /* PBXContainerItemProxy */ = {
			isa = PBXContainerItemProxy;
			containerPortal = E41028311E0E14B300B801DB /* Project object */;
			proxyType = 1;
			remoteGlobalIDString = E41028381E0E14B300B801DB;
			remoteInfo = Calculator;
		};
/* End PBXContainerItemProxy section */

/* Begin PBXFileReference section */
		E41028391E0E14B300B801DB /* Calculator.app */ = {isa = PBXFileReference; explicitFileType = wrapper.application; includeInIndex = 0; path = Calculator.app; sourceTree = BUILT_PRODUCTS_DIR; };
		E410283C1E0E14B300B801DB /* AppDelegate.swift */ = {isa = PBXFileReference; lastKnownFileType = sourcecode.swift; path = AppDelegate.swift; sourceTree = "<group>"; };
		E410283E1E0E14B300B801DB /* ViewController.swift */ = {isa = PBXFileReference; lastKnownFileType = sourcecode.swift; path = ViewController.swift; sourceTree = "<group>"; };
		E41028411E0E14B300B801DB /* Base */ = {isa = PBXFileReference; lastKnownFileType = file.storyboard; name = Base; path = Base.lproj/Main.storyboard; sourceTree = "<group>"; };
		E41028431E0E14B300B801DB /* Assets.xcassets */ = {isa = PBXFileReference; lastKnownFileType = folder.assetcatalog; path = Assets.xcassets; sourceTree = "<group>"; };
		E41028461E0E14B300B801DB /* Base */ = {isa = PBXFileReference; lastKnownFileType = file.storyboard; name = Base; path = Base.lproj/LaunchScreen.storyboard; sourceTree = "<group>"; };
		E41028481E0E14B300B801DB /* Info.plist */ = {isa = PBXFileReference; lastKnownFileType = text.plist.xml; path = Info.plist; sourceTree = "<group>"; };
		E410284D1E0E14B300B801DB /* CalculatorTests.xctest */ = {isa = PBXFileReference; explicitFileType = wrapper.cfbundle; includeInIndex = 0; path = CalculatorTests.xctest; sourceTree = BUILT_PRODUCTS_DIR; };
		E41028511E0E14B300B801DB /* CalculatorTests.swift */ = {isa = PBXFileReference; lastKnownFileType = sourcecode.swift; path = CalculatorTests.swift; sourceTree = "<group>"; };
		E41028531E0E14B300B801DB /* Info.plist */ = {isa = PBXFileReference; lastKnownFileType = text.plist.xml; path = Info.plist; sourceTree = "<group>"; };
		E41028581E0E14B300B801DB /* CalculatorUITests.xctest */ = {isa = PBXFileReference; explicitFileType = wrapper.cfbundle; includeInIndex = 0; path = CalculatorUITests.xctest; sourceTree = BUILT_PRODUCTS_DIR; };
		E410285C1E0E14B300B801DB /* CalculatorUITests.swift */ = {isa = PBXFileReference; lastKnownFileType = sourcecode.swift; path = CalculatorUITests.swift; sourceTree = "<group>"; };
		E410285E1E0E14B300B801DB /* Info.plist */ = {isa = PBXFileReference; lastKnownFileType = text.plist.xml; path = Info.plist; sourceTree = "<group>"; };
		E410286A1E0E5C8C00B801DB /* CalculatorBrain.swift */ = {isa = PBXFileReference; fileEncoding = 4; lastKnownFileType = sourcecode.swift; name = CalculatorBrain.swift; path = Calculator/CalculatorBrain.swift; sourceTree = SOURCE_ROOT; };
/* End PBXFileReference section */

/* Begin PBXFrameworksBuildPhase section */
		E41028361E0E14B300B801DB /* Frameworks */ = {
			isa = PBXFrameworksBuildPhase;
			buildActionMask = 2147483647;
			files = (
			);
			runOnlyForDeploymentPostprocessing = 0;
		};
		E410284A1E0E14B300B801DB /* Frameworks */ = {
			isa = PBXFrameworksBuildPhase;
			buildActionMask = 2147483647;
			files = (
			);
			runOnlyForDeploymentPostprocessing = 0;
		};
		E41028551E0E14B300B801DB /* Frameworks */ = {
			isa = PBXFrameworksBuildPhase;
			buildActionMask = 2147483647;
			files = (
			);
			runOnlyForDeploymentPostprocessing = 0;
		};
/* End PBXFrameworksBuildPhase section */

/* Begin PBXGroup section */
		E41028301E0E14B300B801DB = {
			isa = PBXGroup;
			children = (
				E410283B1E0E14B300B801DB /* Calculator */,
				E41028501E0E14B300B801DB /* CalculatorTests */,
				E410285B1E0E14B300B801DB /* CalculatorUITests */,
				E410283A1E0E14B300B801DB /* Products */,
			);
			sourceTree = "<group>";
		};
		E410283A1E0E14B300B801DB /* Products */ = {
			isa = PBXGroup;
			children = (
				E41028391E0E14B300B801DB /* Calculator.app */,
				E410284D1E0E14B300B801DB /* CalculatorTests.xctest */,
				E41028581E0E14B300B801DB /* CalculatorUITests.xctest */,
			);
			name = Products;
			sourceTree = "<group>";
		};
		E410283B1E0E14B300B801DB /* Calculator */ = {
			isa = PBXGroup;
			children = (
				E410283C1E0E14B300B801DB /* AppDelegate.swift */,
				E410283E1E0E14B300B801DB /* ViewController.swift */,
				E41028401E0E14B300B801DB /* Main.storyboard */,
				E41028431E0E14B300B801DB /* Assets.xcassets */,
				E41028451E0E14B300B801DB /* LaunchScreen.storyboard */,
				E41028481E0E14B300B801DB /* Info.plist */,
			);
			path = Calculator;
			sourceTree = "<group>";
		};
		E41028501E0E14B300B801DB /* CalculatorTests */ = {
			isa = PBXGroup;
			children = (
				E41028511E0E14B300B801DB /* CalculatorTests.swift */,
				E41028531E0E14B300B801DB /* Info.plist */,
			);
			path = CalculatorTests;
			sourceTree = "<group>";
		};
		E410285B1E0E14B300B801DB /* CalculatorUITests */ = {
			isa = PBXGroup;
			children = (
				E410285C1E0E14B300B801DB /* CalculatorUITests.swift */,
				E410285E1E0E14B300B801DB /* Info.plist */,
				E410286A1E0E5C8C00B801DB /* CalculatorBrain.swift */,
			);
			path = CalculatorUITests;
			sourceTree = "<group>";
		};
/* End PBXGroup section */

/* Begin PBXNativeTarget section */
		E41028381E0E14B300B801DB /* Calculator */ = {
			isa = PBXNativeTarget;
			buildConfigurationList = E41028611E0E14B300B801DB /* Build configuration list for PBXNativeTarget "Calculator" */;
			buildPhases = (
				E41028351E0E14B300B801DB /* Sources */,
				E41028361E0E14B300B801DB /* Frameworks */,
				E41028371E0E14B300B801DB /* Resources */,
			);
			buildRules = (
			);
			dependencies = (
			);
			name = Calculator;
			productName = Calculator;
			productReference = E41028391E0E14B300B801DB /* Calculator.app */;
			productType = "com.apple.product-type.application";
		};
		E410284C1E0E14B300B801DB /* CalculatorTests */ = {
			isa = PBXNativeTarget;
			buildConfigurationList = E41028641E0E14B300B801DB /* Build configuration list for PBXNativeTarget "CalculatorTests" */;
			buildPhases = (
				E41028491E0E14B300B801DB /* Sources */,
				E410284A1E0E14B300B801DB /* Frameworks */,
				E410284B1E0E14B300B801DB /* Resources */,
			);
			buildRules = (
			);
			dependencies = (
				E410284F1E0E14B300B801DB /* PBXTargetDependency */,
			);
			name = CalculatorTests;
			productName = CalculatorTests;
			productReference = E410284D1E0E14B300B801DB /* CalculatorTests.xctest */;
			productType = "com.apple.product-type.bundle.unit-test";
		};
		E41028571E0E14B300B801DB /* CalculatorUITests */ = {
			isa = PBXNativeTarget;
			buildConfigurationList = E41028671E0E14B300B801DB /* Build configuration list for PBXNativeTarget "CalculatorUITests" */;
			buildPhases = (
				E41028541E0E14B300B801DB /* Sources */,
				E41028551E0E14B300B801DB /* Frameworks */,
				E41028561E0E14B300B801DB /* Resources */,
			);
			buildRules = (
			);
			dependencies = (
				E410285A1E0E14B300B801DB /* PBXTargetDependency */,
			);
			name = CalculatorUITests;
			productName = CalculatorUITests;
			productReference = E41028581E0E14B300B801DB /* CalculatorUITests.xctest */;
			productType = "com.apple.product-type.bundle.ui-testing";
		};
/* End PBXNativeTarget section */

/* Begin PBXProject section */
		E41028311E0E14B300B801DB /* Project object */ = {
			isa = PBXProject;
			attributes = {
				LastSwiftUpdateCheck = 0820;
				LastUpgradeCheck = 0820;
				ORGANIZATIONNAME = "Rehan Ashraf";
				TargetAttributes = {
					E41028381E0E14B300B801DB = {
						CreatedOnToolsVersion = 8.2.1;
						DevelopmentTeam = 7BHCDJ55EZ;
						ProvisioningStyle = Automatic;
					};
					E410284C1E0E14B300B801DB = {
						CreatedOnToolsVersion = 8.2.1;
						DevelopmentTeam = 7BHCDJ55EZ;
						ProvisioningStyle = Automatic;
						TestTargetID = E41028381E0E14B300B801DB;
					};
					E41028571E0E14B300B801DB = {
						CreatedOnToolsVersion = 8.2.1;
						DevelopmentTeam = 7BHCDJ55EZ;
						ProvisioningStyle = Automatic;
						TestTargetID = E41028381E0E14B300B801DB;
					};
				};
			};
			buildConfigurationList = E41028341E0E14B300B801DB /* Build configuration list for PBXProject "Calculator" */;
			compatibilityVersion = "Xcode 3.2";
			developmentRegion = English;
			hasScannedForEncodings = 0;
			knownRegions = (
				en,
				Base,
			);
			mainGroup = E41028301E0E14B300B801DB;
			productRefGroup = E410283A1E0E14B300B801DB /* Products */;
			projectDirPath = "";
			projectRoot = "";
			targets = (
				E41028381E0E14B300B801DB /* Calculator */,
				E410284C1E0E14B300B801DB /* CalculatorTests */,
				E41028571E0E14B300B801DB /* CalculatorUITests */,
			);
		};
/* End PBXProject section */

/* Begin PBXResourcesBuildPhase section */
		E41028371E0E14B300B801DB /* Resources */ = {
			isa = PBXResourcesBuildPhase;
			buildActionMask = 2147483647;
			files = (
				E41028471E0E14B300B801DB /* LaunchScreen.storyboard in Resources */,
				E41028441E0E14B300B801DB /* Assets.xcassets in Resources */,
				E41028421E0E14B300B801DB /* Main.storyboard in Resources */,
			);
			runOnlyForDeploymentPostprocessing = 0;
		};
		E410284B1E0E14B300B801DB /* Resources */ = {
			isa = PBXResourcesBuildPhase;
			buildActionMask = 2147483647;
			files = (
			);
			runOnlyForDeploymentPostprocessing = 0;
		};
		E41028561E0E14B300B801DB /* Resources */ = {
			isa = PBXResourcesBuildPhase;
			buildActionMask = 2147483647;
			files = (
			);
			runOnlyForDeploymentPostprocessing = 0;
		};
/* End PBXResourcesBuildPhase section */

/* Begin PBXSourcesBuildPhase section */
		E41028351E0E14B300B801DB /* Sources */ = {
			isa = PBXSourcesBuildPhase;
			buildActionMask = 2147483647;
			files = (
				E410283F1E0E14B300B801DB /* ViewController.swift in Sources */,
				E410283D1E0E14B300B801DB /* AppDelegate.swift in Sources */,
			);
			runOnlyForDeploymentPostprocessing = 0;
		};
		E41028491E0E14B300B801DB /* Sources */ = {
			isa = PBXSourcesBuildPhase;
			buildActionMask = 2147483647;
			files = (
				E41028521E0E14B300B801DB /* CalculatorTests.swift in Sources */,
			);
			runOnlyForDeploymentPostprocessing = 0;
		};
		E41028541E0E14B300B801DB /* Sources */ = {
			isa = PBXSourcesBuildPhase;
			buildActionMask = 2147483647;
			files = (
				E410286B1E0E5C8C00B801DB /* CalculatorBrain.swift in Sources */,
				E410285D1E0E14B300B801DB /* CalculatorUITests.swift in Sources */,
			);
			runOnlyForDeploymentPostprocessing = 0;
		};
/* End PBXSourcesBuildPhase section */

/* Begin PBXTargetDependency section */
		E410284F1E0E14B300B801DB /* PBXTargetDependency */ = {
			isa = PBXTargetDependency;
			target = E41028381E0E14B300B801DB /* Calculator */;
			targetProxy = E410284E1E0E14B300B801DB /* PBXContainerItemProxy */;
		};
		E410285A1E0E14B300B801DB /* PBXTargetDependency */ = {
			isa = PBXTargetDependency;
			target = E41028381E0E14B300B801DB /* Calculator */;
			targetProxy = E41028591E0E14B300B801DB /* PBXContainerItemProxy */;
		};
/* End PBXTargetDependency section */

/* Begin PBXVariantGroup section */
		E41028401E0E14B300B801DB /* Main.storyboard */ = {
			isa = PBXVariantGroup;
			children = (
				E41028411E0E14B300B801DB /* Base */,
			);
			name = Main.storyboard;
			sourceTree = "<group>";
		};
		E41028451E0E14B300B801DB /* LaunchScreen.storyboard */ = {
			isa = PBXVariantGroup;
			children = (
				E41028461E0E14B300B801DB /* Base */,
			);
			name = LaunchScreen.storyboard;
			sourceTree = "<group>";
		};
/* End PBXVariantGroup section */

/* Begin XCBuildConfiguration section */
		E410285F1E0E14B300B801DB /* Debug */ = {
			isa = XCBuildConfiguration;
			buildSettings = {
				ALWAYS_SEARCH_USER_PATHS = NO;
				CLANG_ANALYZER_NONNULL = YES;
				CLANG_CXX_LANGUAGE_STANDARD = "gnu++0x";
				CLANG_CXX_LIBRARY = "libc++";
				CLANG_ENABLE_MODULES = YES;
				CLANG_ENABLE_OBJC_ARC = YES;
				CLANG_WARN_BOOL_CONVERSION = YES;
				CLANG_WARN_CONSTANT_CONVERSION = YES;
				CLANG_WARN_DIRECT_OBJC_ISA_USAGE = YES_ERROR;
				CLANG_WARN_DOCUMENTATION_COMMENTS = YES;
				CLANG_WARN_EMPTY_BODY = YES;
				CLANG_WARN_ENUM_CONVERSION = YES;
				CLANG_WARN_INFINITE_RECURSION = YES;
				CLANG_WARN_INT_CONVERSION = YES;
				CLANG_WARN_OBJC_ROOT_CLASS = YES_ERROR;
				CLANG_WARN_SUSPICIOUS_MOVE = YES;
				CLANG_WARN_UNREACHABLE_CODE = YES;
				CLANG_WARN__DUPLICATE_METHOD_MATCH = YES;
				"CODE_SIGN_IDENTITY[sdk=iphoneos*]" = "iPhone Developer";
				COPY_PHASE_STRIP = NO;
				DEBUG_INFORMATION_FORMAT = dwarf;
				ENABLE_STRICT_OBJC_MSGSEND = YES;
				ENABLE_TESTABILITY = YES;
				GCC_C_LANGUAGE_STANDARD = gnu99;
				GCC_DYNAMIC_NO_PIC = NO;
				GCC_NO_COMMON_BLOCKS = YES;
				GCC_OPTIMIZATION_LEVEL = 0;
				GCC_PREPROCESSOR_DEFINITIONS = (
					"DEBUG=1",
					"$(inherited)",
				);
				GCC_WARN_64_TO_32_BIT_CONVERSION = YES;
				GCC_WARN_ABOUT_RETURN_TYPE = YES_ERROR;
				GCC_WARN_UNDECLARED_SELECTOR = YES;
				GCC_WARN_UNINITIALIZED_AUTOS = YES_AGGRESSIVE;
				GCC_WARN_UNUSED_FUNCTION = YES;
				GCC_WARN_UNUSED_VARIABLE = YES;
				IPHONEOS_DEPLOYMENT_TARGET = 10.2;
				MTL_ENABLE_DEBUG_INFO = YES;
				ONLY_ACTIVE_ARCH = YES;
				SDKROOT = iphoneos;
				SWIFT_ACTIVE_COMPILATION_CONDITIONS = DEBUG;
				SWIFT_OPTIMIZATION_LEVEL = "-Onone";
				TARGETED_DEVICE_FAMILY = "1,2";
			};
			name = Debug;
		};
		E41028601E0E14B300B801DB /* Release */ = {
			isa = XCBuildConfiguration;
			buildSettings = {
				ALWAYS_SEARCH_USER_PATHS = NO;
				CLANG_ANALYZER_NONNULL = YES;
				CLANG_CXX_LANGUAGE_STANDARD = "gnu++0x";
				CLANG_CXX_LIBRARY = "libc++";
				CLANG_ENABLE_MODULES = YES;
				CLANG_ENABLE_OBJC_ARC = YES;
				CLANG_WARN_BOOL_CONVERSION = YES;
				CLANG_WARN_CONSTANT_CONVERSION = YES;
				CLANG_WARN_DIRECT_OBJC_ISA_USAGE = YES_ERROR;
				CLANG_WARN_DOCUMENTATION_COMMENTS = YES;
				CLANG_WARN_EMPTY_BODY = YES;
				CLANG_WARN_ENUM_CONVERSION = YES;
				CLANG_WARN_INFINITE_RECURSION = YES;
				CLANG_WARN_INT_CONVERSION = YES;
				CLANG_WARN_OBJC_ROOT_CLASS = YES_ERROR;
				CLANG_WARN_SUSPICIOUS_MOVE = YES;
				CLANG_WARN_UNREACHABLE_CODE = YES;
				CLANG_WARN__DUPLICATE_METHOD_MATCH = YES;
				"CODE_SIGN_IDENTITY[sdk=iphoneos*]" = "iPhone Developer";
				COPY_PHASE_STRIP = NO;
				DEBUG_INFORMATION_FORMAT = "dwarf-with-dsym";
				ENABLE_NS_ASSERTIONS = NO;
				ENABLE_STRICT_OBJC_MSGSEND = YES;
				GCC_C_LANGUAGE_STANDARD = gnu99;
				GCC_NO_COMMON_BLOCKS = YES;
				GCC_WARN_64_TO_32_BIT_CONVERSION = YES;
				GCC_WARN_ABOUT_RETURN_TYPE = YES_ERROR;
				GCC_WARN_UNDECLARED_SELECTOR = YES;
				GCC_WARN_UNINITIALIZED_AUTOS = YES_AGGRESSIVE;
				GCC_WARN_UNUSED_FUNCTION = YES;
				GCC_WARN_UNUSED_VARIABLE = YES;
				IPHONEOS_DEPLOYMENT_TARGET = 10.2;
				MTL_ENABLE_DEBUG_INFO = NO;
				SDKROOT = iphoneos;
				SWIFT_OPTIMIZATION_LEVEL = "-Owholemodule";
				TARGETED_DEVICE_FAMILY = "1,2";
				VALIDATE_PRODUCT = YES;
			};
			name = Release;
		};
		E41028621E0E14B300B801DB /* Debug */ = {
			isa = XCBuildConfiguration;
			buildSettings = {
				ASSETCATALOG_COMPILER_APPICON_NAME = AppIcon;
				DEVELOPMENT_TEAM = 7BHCDJ55EZ;
				INFOPLIST_FILE = Calculator/Info.plist;
				LD_RUNPATH_SEARCH_PATHS = "$(inherited) @executable_path/Frameworks";
				PRODUCT_BUNDLE_IDENTIFIER = com.RehanAshraf.Calculator;
				PRODUCT_NAME = "$(TARGET_NAME)";
				SWIFT_VERSION = 3.0;
			};
			name = Debug;
		};
		E41028631E0E14B300B801DB /* Release */ = {
			isa = XCBuildConfiguration;
			buildSettings = {
				ASSETCATALOG_COMPILER_APPICON_NAME = AppIcon;
				DEVELOPMENT_TEAM = 7BHCDJ55EZ;
				INFOPLIST_FILE = Calculator/Info.plist;
				LD_RUNPATH_SEARCH_PATHS = "$(inherited) @executable_path/Frameworks";
				PRODUCT_BUNDLE_IDENTIFIER = com.RehanAshraf.Calculator;
				PRODUCT_NAME = "$(TARGET_NAME)";
				SWIFT_VERSION = 3.0;
			};
			name = Release;
		};
		E41028651E0E14B300B801DB /* Debug */ = {
			isa = XCBuildConfiguration;
			buildSettings = {
				ALWAYS_EMBED_SWIFT_STANDARD_LIBRARIES = YES;
				BUNDLE_LOADER = "$(TEST_HOST)";
				DEVELOPMENT_TEAM = 7BHCDJ55EZ;
				INFOPLIST_FILE = CalculatorTests/Info.plist;
				LD_RUNPATH_SEARCH_PATHS = "$(inherited) @executable_path/Frameworks @loader_path/Frameworks";
				PRODUCT_BUNDLE_IDENTIFIER = com.RehanAshraf.CalculatorTests;
				PRODUCT_NAME = "$(TARGET_NAME)";
				SWIFT_VERSION = 3.0;
				TEST_HOST = "$(BUILT_PRODUCTS_DIR)/Calculator.app/Calculator";
			};
			name = Debug;
		};
		E41028661E0E14B300B801DB /* Release */ = {
			isa = XCBuildConfiguration;
			buildSettings = {
				ALWAYS_EMBED_SWIFT_STANDARD_LIBRARIES = YES;
				BUNDLE_LOADER = "$(TEST_HOST)";
				DEVELOPMENT_TEAM = 7BHCDJ55EZ;
				INFOPLIST_FILE = CalculatorTests/Info.plist;
				LD_RUNPATH_SEARCH_PATHS = "$(inherited) @executable_path/Frameworks @loader_path/Frameworks";
				PRODUCT_BUNDLE_IDENTIFIER = com.RehanAshraf.CalculatorTests;
				PRODUCT_NAME = "$(TARGET_NAME)";
				SWIFT_VERSION = 3.0;
				TEST_HOST = "$(BUILT_PRODUCTS_DIR)/Calculator.app/Calculator";
			};
			name = Release;
		};
		E41028681E0E14B300B801DB /* Debug */ = {
			isa = XCBuildConfiguration;
			buildSettings = {
				ALWAYS_EMBED_SWIFT_STANDARD_LIBRARIES = YES;
				DEVELOPMENT_TEAM = 7BHCDJ55EZ;
				INFOPLIST_FILE = CalculatorUITests/Info.plist;
				LD_RUNPATH_SEARCH_PATHS = "$(inherited) @executable_path/Frameworks @loader_path/Frameworks";
				PRODUCT_BUNDLE_IDENTIFIER = com.RehanAshraf.CalculatorUITests;
				PRODUCT_NAME = "$(TARGET_NAME)";
				SWIFT_VERSION = 3.0;
				TEST_TARGET_NAME = Calculator;
			};
			name = Debug;
		};
		E41028691E0E14B300B801DB /* Release */ = {
			isa = XCBuildConfiguration;
			buildSettings = {
				ALWAYS_EMBED_SWIFT_STANDARD_LIBRARIES = YES;
				DEVELOPMENT_TEAM = 7BHCDJ55EZ;
				INFOPLIST_FILE = CalculatorUITests/Info.plist;
				LD_RUNPATH_SEARCH_PATHS = "$(inherited) @executable_path/Frameworks @loader_path/Frameworks";
				PRODUCT_BUNDLE_IDENTIFIER = com.RehanAshraf.CalculatorUITests;
				PRODUCT_NAME = "$(TARGET_NAME)";
				SWIFT_VERSION = 3.0;
				TEST_TARGET_NAME = Calculator;
			};
			name = Release;
		};
/* End XCBuildConfiguration section */

/* Begin XCConfigurationList section */
		E41028341E0E14B300B801DB /* Build configuration list for PBXProject "Calculator" */ = {
			isa = XCConfigurationList;
			buildConfigurations = (
				E410285F1E0E14B300B801DB /* Debug */,
				E41028601E0E14B300B801DB /* Release */,
			);
			defaultConfigurationIsVisible = 0;
			defaultConfigurationName = Release;
		};
		E41028611E0E14B300B801DB /* Build configuration list for PBXNativeTarget "Calculator" */ = {
			isa = XCConfigurationList;
			buildConfigurations = (
				E41028621E0E14B300B801DB /* Debug */,
				E41028631E0E14B300B801DB /* Release */,
			);
			defaultConfigurationIsVisible = 0;
		};
		E41028641E0E14B300B801DB /* Build configuration list for PBXNativeTarget "CalculatorTests" */ = {
			isa = XCConfigurationList;
			buildConfigurations = (
				E41028651E0E14B300B801DB /* Debug */,
				E41028661E0E14B300B801DB /* Release */,
			);
			defaultConfigurationIsVisible = 0;
		};
		E41028671E0E14B300B801DB /* Build configuration list for PBXNativeTarget "CalculatorUITests" */ = {
			isa = XCConfigurationList;
			buildConfigurations = (
				E41028681E0E14B300B801DB /* Debug */,
				E41028691E0E14B300B801DB /* Release */,
			);
			defaultConfigurationIsVisible = 0;
		};
/* End XCConfigurationList section */
	};
	rootObject = E41028311E0E14B300B801DB /* Project object */;
}
